PODS:
  - flutter_onnxruntime (0.0.1):
    - FlutterMacOS
    - onnxruntime-objc (= 1.21.0)
  - flutter_secure_storage_macos (6.1.3):
    - FlutterMacOS
  - flutter_web_auth (0.5.0):
    - FlutterMacOS
  - FlutterMacOS (1.0.0)
  - onnxruntime-c (1.21.0)
  - onnxruntime-objc (1.21.0):
    - onnxruntime-objc/Core (= 1.21.0)
  - onnxruntime-objc/Core (1.21.0):
    - onnxruntime-c (= 1.21.0)
  - path_provider_foundation (0.0.1):
    - Flutter
    - FlutterMacOS
  - shared_preferences_foundation (0.0.1):
    - Flutter
    - FlutterMacOS
  - sqlite3 (3.49.2):
    - sqlite3/common (= 3.49.2)
  - sqlite3/common (3.49.2)
  - sqlite3/dbstatvtab (3.49.2):
    - sqlite3/common
  - sqlite3/fts5 (3.49.2):
    - sqlite3/common
  - sqlite3/math (3.49.2):
    - sqlite3/common
  - sqlite3/perf-threadsafe (3.49.2):
    - sqlite3/common
  - sqlite3/rtree (3.49.2):
    - sqlite3/common
  - sqlite3_flutter_libs (0.0.1):
    - Flutter
    - FlutterMacOS
    - sqlite3 (~> 3.49.2)
    - sqlite3/dbstatvtab
    - sqlite3/fts5
    - sqlite3/math
    - sqlite3/perf-threadsafe
    - sqlite3/rtree
  - url_launcher_macos (0.0.1):
    - FlutterMacOS
  - webview_flutter_wkwebview (0.0.1):
    - Flutter
    - FlutterMacOS
  - window_size (0.0.2):
    - FlutterMacOS

DEPENDENCIES:
  - flutter_onnxruntime (from `Flutter/ephemeral/.symlinks/plugins/flutter_onnxruntime/macos`)
  - flutter_secure_storage_macos (from `Flutter/ephemeral/.symlinks/plugins/flutter_secure_storage_macos/macos`)
  - flutter_web_auth (from `Flutter/ephemeral/.symlinks/plugins/flutter_web_auth/macos`)
  - FlutterMacOS (from `Flutter/ephemeral`)
  - path_provider_foundation (from `Flutter/ephemeral/.symlinks/plugins/path_provider_foundation/darwin`)
  - shared_preferences_foundation (from `Flutter/ephemeral/.symlinks/plugins/shared_preferences_foundation/darwin`)
  - sqlite3_flutter_libs (from `Flutter/ephemeral/.symlinks/plugins/sqlite3_flutter_libs/darwin`)
  - url_launcher_macos (from `Flutter/ephemeral/.symlinks/plugins/url_launcher_macos/macos`)
  - webview_flutter_wkwebview (from `Flutter/ephemeral/.symlinks/plugins/webview_flutter_wkwebview/darwin`)
  - window_size (from `Flutter/ephemeral/.symlinks/plugins/window_size/macos`)

SPEC REPOS:
  trunk:
    - onnxruntime-c
    - onnxruntime-objc
    - sqlite3

EXTERNAL SOURCES:
  flutter_onnxruntime:
    :path: Flutter/ephemeral/.symlinks/plugins/flutter_onnxruntime/macos
  flutter_secure_storage_macos:
    :path: Flutter/ephemeral/.symlinks/plugins/flutter_secure_storage_macos/macos
  flutter_web_auth:
    :path: Flutter/ephemeral/.symlinks/plugins/flutter_web_auth/macos
  FlutterMacOS:
    :path: Flutter/ephemeral
  path_provider_foundation:
    :path: Flutter/ephemeral/.symlinks/plugins/path_provider_foundation/darwin
  shared_preferences_foundation:
    :path: Flutter/ephemeral/.symlinks/plugins/shared_preferences_foundation/darwin
  sqlite3_flutter_libs:
    :path: Flutter/ephemeral/.symlinks/plugins/sqlite3_flutter_libs/darwin
  url_launcher_macos:
    :path: Flutter/ephemeral/.symlinks/plugins/url_launcher_macos/macos
  webview_flutter_wkwebview:
    :path: Flutter/ephemeral/.symlinks/plugins/webview_flutter_wkwebview/darwin
  window_size:
    :path: Flutter/ephemeral/.symlinks/plugins/window_size/macos

SPEC CHECKSUMS:
  flutter_onnxruntime: 546c7c7630c9259f59021319639b30bdaff148c2
  flutter_secure_storage_macos: 7f45e30f838cf2659862a4e4e3ee1c347c2b3b54
  flutter_web_auth: 58f3e10ba0ecc9e1487688e23295675f2888b15a
  FlutterMacOS: 8f6f14fa908a6fb3fba0cd85dbd81ec4b251fb24
  onnxruntime-c: ac65025f01072d25d7d394a2b43ac30d9397b260
  onnxruntime-objc: 5fa03134356d47b642ec85b1023d9907a123d201
  path_provider_foundation: 080d55be775b7414fd5a5ef3ac137b97b097e564
  shared_preferences_foundation: 9e1978ff2562383bd5676f64ec4e9aa8fa06a6f7
  sqlite3: 3c950dc86011117c307eb0b28c4a7bb449dce9f1
  sqlite3_flutter_libs: 74334e3ef2dbdb7d37e50859bb45da43935779c4
  url_launcher_macos: 0fba8ddabfc33ce0a9afe7c5fef5aab3d8d2d673
  webview_flutter_wkwebview: 1821ceac936eba6f7984d89a9f3bcb4dea99ebb2
  window_size: 4bd15034e6e3d0720fd77928a7c42e5492cfece9

PODFILE CHECKSUM: a82b7be23f2f5e9c0e9713e2e25fcdd67d62ba28

COCOAPODS: 1.16.2
